
Microsoft Visual Studio Solution File, Format Version 12.00
# Visual Studio Version 17
VisualStudioVersion = 17.8.34309.116
MinimumVisualStudioVersion = 10.0.40219.1
Project("{FAE04EC0-301F-11D3-BF4B-00C04F79EFBC}") = "PracticeProject2", "PracticeProject2\PracticeProject2.csproj", "{975F8F96-E218-4BED-86F3-14F239C4FD32}"
EndProject
Global
	GlobalSection(SolutionConfigurationPlatforms) = preSolution
		Debug|Any CPU = Debug|Any CPU
		Release|Any CPU = Release|Any CPU
	EndGlobalSection
	GlobalSection(ProjectConfigurationPlatforms) = postSolution
		{975F8F96-E218-4BED-86F3-14F239C4FD32}.Debug|Any CPU.ActiveCfg = Debug|Any CPU
		{975F8F96-E218-4BED-86F3-14F239C4FD32}.Debug|Any CPU.Build.0 = Debug|Any CPU
		{975F8F96-E218-4BED-86F3-14F239C4FD32}.Release|Any CPU.ActiveCfg = Release|Any CPU
		{975F8F96-E218-4BED-86F3-14F239C4FD32}.Release|Any CPU.Build.0 = Release|Any CPU
	EndGlobalSection
	GlobalSection(SolutionProperties) = preSolution
		HideSolutionNode = FALSE
	EndGlobalSection
	GlobalSection(ExtensibilityGlobals) = postSolution
		SolutionGuid = {192D8DB7-2893-48AF-AF3E-4FE5748939CB}
	EndGlobalSection
EndGlobal
